
Microsoft Visual Studio Solution File, Format Version 12.00
# Visual Studio Version 17
VisualStudioVersion = 17.10.35027.167
MinimumVisualStudioVersion = 10.0.40219.1
Project("{FAE04EC0-301F-11D3-BF4B-00C04F79EFBC}") = "Domain", "ClassLibrary1\Domain.csproj", "{482765A4-861B-40C7-A495-218023CC43F2}"
EndProject
Project("{FAE04EC0-301F-11D3-BF4B-00C04F79EFBC}") = "Infrastructure", "Infrastructure\Infrastructure.csproj", "{8EB0408E-6C17-4AD0-A67D-480F87AFC197}"
EndProject
Project("{FAE04EC0-301F-11D3-BF4B-00C04F79EFBC}") = "Application", "Application\Application.csproj", "{5AD2BB03-C586-4304-B972-765DC90FA18B}"
EndProject
Project("{FAE04EC0-301F-11D3-BF4B-00C04F79EFBC}") = "API", "API\API.csproj", "{BD4D245C-F836-4B28-BA30-64CA5AD75339}"
EndProject
Global
	GlobalSection(SolutionConfigurationPlatforms) = preSolution
		Debug|Any CPU = Debug|Any CPU
		Release|Any CPU = Release|Any CPU
	EndGlobalSection
	GlobalSection(ProjectConfigurationPlatforms) = postSolution
		{482765A4-861B-40C7-A495-218023CC43F2}.Debug|Any CPU.ActiveCfg = Debug|Any CPU
		{482765A4-861B-40C7-A495-218023CC43F2}.Debug|Any CPU.Build.0 = Debug|Any CPU
		{482765A4-861B-40C7-A495-218023CC43F2}.Release|Any CPU.ActiveCfg = Release|Any CPU
		{482765A4-861B-40C7-A495-218023CC43F2}.Release|Any CPU.Build.0 = Release|Any CPU
		{8EB0408E-6C17-4AD0-A67D-480F87AFC197}.Debug|Any CPU.ActiveCfg = Debug|Any CPU
		{8EB0408E-6C17-4AD0-A67D-480F87AFC197}.Debug|Any CPU.Build.0 = Debug|Any CPU
		{8EB0408E-6C17-4AD0-A67D-480F87AFC197}.Release|Any CPU.ActiveCfg = Release|Any CPU
		{8EB0408E-6C17-4AD0-A67D-480F87AFC197}.Release|Any CPU.Build.0 = Release|Any CPU
		{5AD2BB03-C586-4304-B972-765DC90FA18B}.Debug|Any CPU.ActiveCfg = Debug|Any CPU
		{5AD2BB03-C586-4304-B972-765DC90FA18B}.Debug|Any CPU.Build.0 = Debug|Any CPU
		{5AD2BB03-C586-4304-B972-765DC90FA18B}.Release|Any CPU.ActiveCfg = Release|Any CPU
		{5AD2BB03-C586-4304-B972-765DC90FA18B}.Release|Any CPU.Build.0 = Release|Any CPU
		{BD4D245C-F836-4B28-BA30-64CA5AD75339}.Debug|Any CPU.ActiveCfg = Debug|Any CPU
		{BD4D245C-F836-4B28-BA30-64CA5AD75339}.Debug|Any CPU.Build.0 = Debug|Any CPU
		{BD4D245C-F836-4B28-BA30-64CA5AD75339}.Release|Any CPU.ActiveCfg = Release|Any CPU
		{BD4D245C-F836-4B28-BA30-64CA5AD75339}.Release|Any CPU.Build.0 = Release|Any CPU
	EndGlobalSection
	GlobalSection(SolutionProperties) = preSolution
		HideSolutionNode = FALSE
	EndGlobalSection
	GlobalSection(ExtensibilityGlobals) = postSolution
		SolutionGuid = {9337AE28-885D-423C-97F6-5E7BCA5D3069}
	EndGlobalSection
EndGlobal
